
Microsoft Visual Studio Solution File, Format Version 12.00
# Visual Studio Version 17
VisualStudioVersion = 17.7.34031.279
MinimumVisualStudioVersion = 10.0.40219.1
Project("{8BC9CEB8-8B4A-11D0-8D11-00A0C91BC942}") = "001", "001.vcxproj", "{71458606-EB30-44FF-9F7E-17DCA8C00C58}"
EndProject
Global
	GlobalSection(SolutionConfigurationPlatforms) = preSolution
		Debug|x64 = Debug|x64
		Debug|x86 = Debug|x86
		Release|x64 = Release|x64
		Release|x86 = Release|x86
	EndGlobalSection
	GlobalSection(ProjectConfigurationPlatforms) = postSolution
		{71458606-EB30-44FF-9F7E-17DCA8C00C58}.Debug|x64.ActiveCfg = Debug|x64
		{71458606-EB30-44FF-9F7E-17DCA8C00C58}.Debug|x64.Build.0 = Debug|x64
		{71458606-EB30-44FF-9F7E-17DCA8C00C58}.Debug|x86.ActiveCfg = Debug|Win32
		{71458606-EB30-44FF-9F7E-17DCA8C00C58}.Debug|x86.Build.0 = Debug|Win32
		{71458606-EB30-44FF-9F7E-17DCA8C00C58}.Release|x64.ActiveCfg = Release|x64
		{71458606-EB30-44FF-9F7E-17DCA8C00C58}.Release|x64.Build.0 = Release|x64
		{71458606-EB30-44FF-9F7E-17DCA8C00C58}.Release|x86.ActiveCfg = Release|Win32
		{71458606-EB30-44FF-9F7E-17DCA8C00C58}.Release|x86.Build.0 = Release|Win32
	EndGlobalSection
	GlobalSection(SolutionProperties) = preSolution
		HideSolutionNode = FALSE
	EndGlobalSection
	GlobalSection(ExtensibilityGlobals) = postSolution
		SolutionGuid = {CED7F2BF-C521-426F-9C3D-F9646D21D610}
	EndGlobalSection
EndGlobal
